
Microsoft Visual Studio Solution File, Format Version 12.00
# Visual Studio 15
VisualStudioVersion = 15.0.28010.2003
MinimumVisualStudioVersion = 10.0.40219.1
Project("{9A19103F-16F7-4668-BE54-9A1E7A4F7556}") = "CompulsPetShop", "CompulsPetShop\CompulsPetShop.csproj", "{61A1E62B-A13E-46D3-B285-52070A42D0D9}"
EndProject
Project("{9A19103F-16F7-4668-BE54-9A1E7A4F7556}") = "PetShop.Core.Entity", "PetShop.Core.Entity\PetShop.Core.Entity.csproj", "{9B330AA8-3C52-43F1-884A-BA415FA79811}"
EndProject
Project("{2150E333-8FDC-42A3-9474-1A3956D46DE8}") = "UI", "UI", "{6420E1BF-6192-4BCE-860B-00E499A95E20}"
EndProject
Project("{2150E333-8FDC-42A3-9474-1A3956D46DE8}") = "Core", "Core", "{8367C021-B2B7-409E-96E8-0B591B59E9EE}"
EndProject
Project("{2150E333-8FDC-42A3-9474-1A3956D46DE8}") = "Infrastructure", "Infrastructure", "{8E9FA83F-10A1-4778-9C39-775DAEA5EAD9}"
EndProject
Project("{9A19103F-16F7-4668-BE54-9A1E7A4F7556}") = "PetShop.Core", "PetShop.Core\PetShop.Core.csproj", "{78B1E7C5-4B4D-4514-B9D5-2E232BFD7394}"
EndProject
Project("{9A19103F-16F7-4668-BE54-9A1E7A4F7556}") = "PetShop.Infrastructure.DataStatic", "PetShop.Infrastructure.Static.Data\PetShop.Infrastructure.DataStatic.csproj", "{D02A7AB8-C88C-421A-9363-1A29386D09C5}"
EndProject
Project("{9A19103F-16F7-4668-BE54-9A1E7A4F7556}") = "PetRestAPI", "PetRestAPI\PetRestAPI.csproj", "{BAE06874-B8D0-4DC9-96B5-AD95F30B3378}"
EndProject
Project("{9A19103F-16F7-4668-BE54-9A1E7A4F7556}") = "PetShop.Infrastucture.Data", "PetShop.Infrastucture.Data\PetShop.Infrastucture.Data.csproj", "{468E0A10-1607-4CE5-9D4C-05C2047155A5}"
EndProject
Project("{2150E333-8FDC-42A3-9474-1A3956D46DE8}") = "Security", "Security", "{E31BF499-A8A2-41F3-9102-D8F9B8E72875}"
EndProject
Project("{FAE04EC0-301F-11D3-BF4B-00C04F79EFBC}") = "Login", "Login\Login.csproj", "{5BABA557-B344-4F45-9435-72781EC19F12}"
EndProject
Global
	GlobalSection(SolutionConfigurationPlatforms) = preSolution
		Debug|Any CPU = Debug|Any CPU
		Release|Any CPU = Release|Any CPU
	EndGlobalSection
	GlobalSection(ProjectConfigurationPlatforms) = postSolution
		{61A1E62B-A13E-46D3-B285-52070A42D0D9}.Debug|Any CPU.ActiveCfg = Debug|Any CPU
		{61A1E62B-A13E-46D3-B285-52070A42D0D9}.Debug|Any CPU.Build.0 = Debug|Any CPU
		{61A1E62B-A13E-46D3-B285-52070A42D0D9}.Release|Any CPU.ActiveCfg = Release|Any CPU
		{61A1E62B-A13E-46D3-B285-52070A42D0D9}.Release|Any CPU.Build.0 = Release|Any CPU
		{9B330AA8-3C52-43F1-884A-BA415FA79811}.Debug|Any CPU.ActiveCfg = Debug|Any CPU
		{9B330AA8-3C52-43F1-884A-BA415FA79811}.Debug|Any CPU.Build.0 = Debug|Any CPU
		{9B330AA8-3C52-43F1-884A-BA415FA79811}.Release|Any CPU.ActiveCfg = Release|Any CPU
		{9B330AA8-3C52-43F1-884A-BA415FA79811}.Release|Any CPU.Build.0 = Release|Any CPU
		{78B1E7C5-4B4D-4514-B9D5-2E232BFD7394}.Debug|Any CPU.ActiveCfg = Debug|Any CPU
		{78B1E7C5-4B4D-4514-B9D5-2E232BFD7394}.Debug|Any CPU.Build.0 = Debug|Any CPU
		{78B1E7C5-4B4D-4514-B9D5-2E232BFD7394}.Release|Any CPU.ActiveCfg = Release|Any CPU
		{78B1E7C5-4B4D-4514-B9D5-2E232BFD7394}.Release|Any CPU.Build.0 = Release|Any CPU
		{D02A7AB8-C88C-421A-9363-1A29386D09C5}.Debug|Any CPU.ActiveCfg = Debug|Any CPU
		{D02A7AB8-C88C-421A-9363-1A29386D09C5}.Debug|Any CPU.Build.0 = Debug|Any CPU
		{D02A7AB8-C88C-421A-9363-1A29386D09C5}.Release|Any CPU.ActiveCfg = Release|Any CPU
		{D02A7AB8-C88C-421A-9363-1A29386D09C5}.Release|Any CPU.Build.0 = Release|Any CPU
		{BAE06874-B8D0-4DC9-96B5-AD95F30B3378}.Debug|Any CPU.ActiveCfg = Debug|Any CPU
		{BAE06874-B8D0-4DC9-96B5-AD95F30B3378}.Debug|Any CPU.Build.0 = Debug|Any CPU
		{BAE06874-B8D0-4DC9-96B5-AD95F30B3378}.Release|Any CPU.ActiveCfg = Release|Any CPU
		{BAE06874-B8D0-4DC9-96B5-AD95F30B3378}.Release|Any CPU.Build.0 = Release|Any CPU
		{468E0A10-1607-4CE5-9D4C-05C2047155A5}.Debug|Any CPU.ActiveCfg = Debug|Any CPU
		{468E0A10-1607-4CE5-9D4C-05C2047155A5}.Debug|Any CPU.Build.0 = Debug|Any CPU
		{468E0A10-1607-4CE5-9D4C-05C2047155A5}.Release|Any CPU.ActiveCfg = Release|Any CPU
		{468E0A10-1607-4CE5-9D4C-05C2047155A5}.Release|Any CPU.Build.0 = Release|Any CPU
		{5BABA557-B344-4F45-9435-72781EC19F12}.Debug|Any CPU.ActiveCfg = Debug|Any CPU
		{5BABA557-B344-4F45-9435-72781EC19F12}.Debug|Any CPU.Build.0 = Debug|Any CPU
		{5BABA557-B344-4F45-9435-72781EC19F12}.Release|Any CPU.ActiveCfg = Release|Any CPU
		{5BABA557-B344-4F45-9435-72781EC19F12}.Release|Any CPU.Build.0 = Release|Any CPU
	EndGlobalSection
	GlobalSection(SolutionProperties) = preSolution
		HideSolutionNode = FALSE
	EndGlobalSection
	GlobalSection(NestedProjects) = preSolution
		{61A1E62B-A13E-46D3-B285-52070A42D0D9} = {6420E1BF-6192-4BCE-860B-00E499A95E20}
		{9B330AA8-3C52-43F1-884A-BA415FA79811} = {8367C021-B2B7-409E-96E8-0B591B59E9EE}
		{78B1E7C5-4B4D-4514-B9D5-2E232BFD7394} = {8367C021-B2B7-409E-96E8-0B591B59E9EE}
		{D02A7AB8-C88C-421A-9363-1A29386D09C5} = {8E9FA83F-10A1-4778-9C39-775DAEA5EAD9}
		{BAE06874-B8D0-4DC9-96B5-AD95F30B3378} = {6420E1BF-6192-4BCE-860B-00E499A95E20}
		{468E0A10-1607-4CE5-9D4C-05C2047155A5} = {8E9FA83F-10A1-4778-9C39-775DAEA5EAD9}
		{E31BF499-A8A2-41F3-9102-D8F9B8E72875} = {8E9FA83F-10A1-4778-9C39-775DAEA5EAD9}
		{5BABA557-B344-4F45-9435-72781EC19F12} = {E31BF499-A8A2-41F3-9102-D8F9B8E72875}
	EndGlobalSection
	GlobalSection(ExtensibilityGlobals) = postSolution
		SolutionGuid = {96F95064-7BD5-4C04-A07B-02903A216A5B}
	EndGlobalSection
EndGlobal
